
Microsoft Visual Studio Solution File, Format Version 12.00
# Visual Studio Version 17
VisualStudioVersion = 17.11.35431.28
MinimumVisualStudioVersion = 10.0.40219.1
Project("{9A19103F-16F7-4668-BE54-9A1E7A4F7556}") = "CountriesApiProject", "CountriesApiProject.csproj", "{8F69E054-CEB6-4DB8-996D-1ED7C6F89AEA}"
EndProject
Project("{FAE04EC0-301F-11D3-BF4B-00C04F79EFBC}") = "CountriesApiProject.Tests", "..\CountriesApiProject.Tests\CountriesApiProject.Tests.csproj", "{639BCFC5-452E-4111-9276-9D78A2FC5D66}"
EndProject
Global
	GlobalSection(SolutionConfigurationPlatforms) = preSolution
		Debug|Any CPU = Debug|Any CPU
		Release|Any CPU = Release|Any CPU
	EndGlobalSection
	GlobalSection(ProjectConfigurationPlatforms) = postSolution
		{8F69E054-CEB6-4DB8-996D-1ED7C6F89AEA}.Debug|Any CPU.ActiveCfg = Debug|Any CPU
		{8F69E054-CEB6-4DB8-996D-1ED7C6F89AEA}.Debug|Any CPU.Build.0 = Debug|Any CPU
		{8F69E054-CEB6-4DB8-996D-1ED7C6F89AEA}.Release|Any CPU.ActiveCfg = Release|Any CPU
		{8F69E054-CEB6-4DB8-996D-1ED7C6F89AEA}.Release|Any CPU.Build.0 = Release|Any CPU
		{639BCFC5-452E-4111-9276-9D78A2FC5D66}.Debug|Any CPU.ActiveCfg = Debug|Any CPU
		{639BCFC5-452E-4111-9276-9D78A2FC5D66}.Debug|Any CPU.Build.0 = Debug|Any CPU
		{639BCFC5-452E-4111-9276-9D78A2FC5D66}.Release|Any CPU.ActiveCfg = Release|Any CPU
		{639BCFC5-452E-4111-9276-9D78A2FC5D66}.Release|Any CPU.Build.0 = Release|Any CPU
	EndGlobalSection
	GlobalSection(SolutionProperties) = preSolution
		HideSolutionNode = FALSE
	EndGlobalSection
	GlobalSection(ExtensibilityGlobals) = postSolution
		SolutionGuid = {4EDEFFD4-DC84-4A54-B115-A2C831EB7A33}
	EndGlobalSection
EndGlobal
